
Microsoft Visual Studio Solution File, Format Version 12.00
# Visual Studio 15
VisualStudioVersion = 15.0.28010.2003
MinimumVisualStudioVersion = 10.0.40219.1
Project("{9A19103F-16F7-4668-BE54-9A1E7A4F7556}") = "MyLab.LogYml", "MyLab.LogYml\MyLab.LogYml.csproj", "{BE7C5776-6443-4403-9802-ED99AA397A26}"
EndProject
Project("{FAE04EC0-301F-11D3-BF4B-00C04F79EFBC}") = "MyLab.LogYml.Tests", "MyLab.LogYml.Tests\MyLab.LogYml.Tests.csproj", "{7C760776-4504-40F6-A49C-A3CA52D871DE}"
EndProject
Global
	GlobalSection(SolutionConfigurationPlatforms) = preSolution
		Debug|Any CPU = Debug|Any CPU
		Release|Any CPU = Release|Any CPU
	EndGlobalSection
	GlobalSection(ProjectConfigurationPlatforms) = postSolution
		{BE7C5776-6443-4403-9802-ED99AA397A26}.Debug|Any CPU.ActiveCfg = Debug|Any CPU
		{BE7C5776-6443-4403-9802-ED99AA397A26}.Debug|Any CPU.Build.0 = Debug|Any CPU
		{BE7C5776-6443-4403-9802-ED99AA397A26}.Release|Any CPU.ActiveCfg = Release|Any CPU
		{BE7C5776-6443-4403-9802-ED99AA397A26}.Release|Any CPU.Build.0 = Release|Any CPU
		{7C760776-4504-40F6-A49C-A3CA52D871DE}.Debug|Any CPU.ActiveCfg = Debug|Any CPU
		{7C760776-4504-40F6-A49C-A3CA52D871DE}.Debug|Any CPU.Build.0 = Debug|Any CPU
		{7C760776-4504-40F6-A49C-A3CA52D871DE}.Release|Any CPU.ActiveCfg = Release|Any CPU
		{7C760776-4504-40F6-A49C-A3CA52D871DE}.Release|Any CPU.Build.0 = Release|Any CPU
	EndGlobalSection
	GlobalSection(SolutionProperties) = preSolution
		HideSolutionNode = FALSE
	EndGlobalSection
	GlobalSection(ExtensibilityGlobals) = postSolution
		SolutionGuid = {53F33E4F-DC51-48EC-967D-8069DC984F91}
	EndGlobalSection
EndGlobal
